
Microsoft Visual Studio Solution File, Format Version 12.00
# Visual Studio Version 17
VisualStudioVersion = 17.2.32526.322
MinimumVisualStudioVersion = 10.0.40219.1
Project("{9A19103F-16F7-4668-BE54-9A1E7A4F7556}") = "MSota", "MSota\MSota.csproj", "{C707BE01-229F-4DBC-8F7A-B2578363D3C2}"
EndProject
Project("{00D1A9C2-B5F0-4AF3-8072-F6C62B433612}") = "MSotaDB", "MSotaDB\MSotaDB.sqlproj", "{6B11DF19-9F6C-4005-A030-F38A122777BD}"
EndProject
Project("{9A19103F-16F7-4668-BE54-9A1E7A4F7556}") = "DataLibrary", "DataLibrary\DataLibrary.csproj", "{56AE9EE0-36DE-47ED-89A6-166A64E24E3D}"
EndProject
Project("{9A19103F-16F7-4668-BE54-9A1E7A4F7556}") = "BaseCommands", "BaseComands\BaseCommands.csproj", "{0CB0EC85-106D-464D-9D54-7F47737C43C5}"
EndProject
Project("{9A19103F-16F7-4668-BE54-9A1E7A4F7556}") = "ExtensibleMarkupAtLarge", "ExtensibleMarkupAtLarge\ExtensibleMarkupAtLarge.csproj", "{81F90353-4E3F-4AF6-BDCE-CE7AB50720FD}"
EndProject
Project("{9A19103F-16F7-4668-BE54-9A1E7A4F7556}") = "DataAndStatistics", "DataAndStatistics\DataAndStatistics.csproj", "{623954E6-810F-4C2A-BAE0-489BC43EEB58}"
EndProject
Global
	GlobalSection(SolutionConfigurationPlatforms) = preSolution
		Debug|Any CPU = Debug|Any CPU
		Release|Any CPU = Release|Any CPU
	EndGlobalSection
	GlobalSection(ProjectConfigurationPlatforms) = postSolution
		{C707BE01-229F-4DBC-8F7A-B2578363D3C2}.Debug|Any CPU.ActiveCfg = Debug|Any CPU
		{C707BE01-229F-4DBC-8F7A-B2578363D3C2}.Debug|Any CPU.Build.0 = Debug|Any CPU
		{C707BE01-229F-4DBC-8F7A-B2578363D3C2}.Release|Any CPU.ActiveCfg = Release|Any CPU
		{C707BE01-229F-4DBC-8F7A-B2578363D3C2}.Release|Any CPU.Build.0 = Release|Any CPU
		{6B11DF19-9F6C-4005-A030-F38A122777BD}.Debug|Any CPU.ActiveCfg = Debug|Any CPU
		{6B11DF19-9F6C-4005-A030-F38A122777BD}.Debug|Any CPU.Build.0 = Debug|Any CPU
		{6B11DF19-9F6C-4005-A030-F38A122777BD}.Debug|Any CPU.Deploy.0 = Debug|Any CPU
		{6B11DF19-9F6C-4005-A030-F38A122777BD}.Release|Any CPU.ActiveCfg = Release|Any CPU
		{6B11DF19-9F6C-4005-A030-F38A122777BD}.Release|Any CPU.Build.0 = Release|Any CPU
		{6B11DF19-9F6C-4005-A030-F38A122777BD}.Release|Any CPU.Deploy.0 = Release|Any CPU
		{56AE9EE0-36DE-47ED-89A6-166A64E24E3D}.Debug|Any CPU.ActiveCfg = Debug|Any CPU
		{56AE9EE0-36DE-47ED-89A6-166A64E24E3D}.Debug|Any CPU.Build.0 = Debug|Any CPU
		{56AE9EE0-36DE-47ED-89A6-166A64E24E3D}.Release|Any CPU.ActiveCfg = Release|Any CPU
		{56AE9EE0-36DE-47ED-89A6-166A64E24E3D}.Release|Any CPU.Build.0 = Release|Any CPU
		{0CB0EC85-106D-464D-9D54-7F47737C43C5}.Debug|Any CPU.ActiveCfg = Debug|Any CPU
		{0CB0EC85-106D-464D-9D54-7F47737C43C5}.Debug|Any CPU.Build.0 = Debug|Any CPU
		{0CB0EC85-106D-464D-9D54-7F47737C43C5}.Release|Any CPU.ActiveCfg = Release|Any CPU
		{0CB0EC85-106D-464D-9D54-7F47737C43C5}.Release|Any CPU.Build.0 = Release|Any CPU
		{81F90353-4E3F-4AF6-BDCE-CE7AB50720FD}.Debug|Any CPU.ActiveCfg = Debug|Any CPU
		{81F90353-4E3F-4AF6-BDCE-CE7AB50720FD}.Debug|Any CPU.Build.0 = Debug|Any CPU
		{81F90353-4E3F-4AF6-BDCE-CE7AB50720FD}.Release|Any CPU.ActiveCfg = Release|Any CPU
		{81F90353-4E3F-4AF6-BDCE-CE7AB50720FD}.Release|Any CPU.Build.0 = Release|Any CPU
		{623954E6-810F-4C2A-BAE0-489BC43EEB58}.Debug|Any CPU.ActiveCfg = Debug|Any CPU
		{623954E6-810F-4C2A-BAE0-489BC43EEB58}.Debug|Any CPU.Build.0 = Debug|Any CPU
		{623954E6-810F-4C2A-BAE0-489BC43EEB58}.Release|Any CPU.ActiveCfg = Release|Any CPU
		{623954E6-810F-4C2A-BAE0-489BC43EEB58}.Release|Any CPU.Build.0 = Release|Any CPU
	EndGlobalSection
	GlobalSection(SolutionProperties) = preSolution
		HideSolutionNode = FALSE
	EndGlobalSection
	GlobalSection(ExtensibilityGlobals) = postSolution
		SolutionGuid = {6BF625E0-7CB1-4794-BE88-D8E406803C5F}
	EndGlobalSection
EndGlobal
