
Microsoft Visual Studio Solution File, Format Version 12.00
# Visual Studio Version 17
VisualStudioVersion = 17.4.33213.308
MinimumVisualStudioVersion = 10.0.40219.1
Project("{FAE04EC0-301F-11D3-BF4B-00C04F79EFBC}") = "MSota", "MSota\MSota.csproj", "{B2CC403B-787D-415D-BB0B-EF61DA459835}"
EndProject
Global
	GlobalSection(SolutionConfigurationPlatforms) = preSolution
		Debug|Any CPU = Debug|Any CPU
		Release|Any CPU = Release|Any CPU
	EndGlobalSection
	GlobalSection(ProjectConfigurationPlatforms) = postSolution
		{B2CC403B-787D-415D-BB0B-EF61DA459835}.Debug|Any CPU.ActiveCfg = Debug|Any CPU
		{B2CC403B-787D-415D-BB0B-EF61DA459835}.Debug|Any CPU.Build.0 = Debug|Any CPU
		{B2CC403B-787D-415D-BB0B-EF61DA459835}.Release|Any CPU.ActiveCfg = Release|Any CPU
		{B2CC403B-787D-415D-BB0B-EF61DA459835}.Release|Any CPU.Build.0 = Release|Any CPU
	EndGlobalSection
	GlobalSection(SolutionProperties) = preSolution
		HideSolutionNode = FALSE
	EndGlobalSection
	GlobalSection(ExtensibilityGlobals) = postSolution
		SolutionGuid = {6724D6D4-4BD6-4BE5-A361-8E390D21260C}
	EndGlobalSection
EndGlobal
