
Microsoft Visual Studio Solution File, Format Version 12.00
# Visual Studio Version 17
VisualStudioVersion = 17.4.33205.214
MinimumVisualStudioVersion = 10.0.40219.1
Project("{9A19103F-16F7-4668-BE54-9A1E7A4F7556}") = "MSota", "MSota\MSota.csproj", "{636F95C2-E18F-4953-A7A8-3312924C45FA}"
EndProject
Project("{9A19103F-16F7-4668-BE54-9A1E7A4F7556}") = "BaseCommands", "BaseComands\BaseCommands.csproj", "{CF4DB48B-1981-4642-AF8C-AC76A234B3CF}"
EndProject
Project("{9A19103F-16F7-4668-BE54-9A1E7A4F7556}") = "DataAndStatistics", "DataAndStatistics\DataAndStatistics.csproj", "{CCF360BE-67C1-4431-A030-F10EA604A77F}"
EndProject
Project("{9A19103F-16F7-4668-BE54-9A1E7A4F7556}") = "DataLibrary", "DataLibrary\DataLibrary.csproj", "{A16CE3B0-DE10-4EE4-A832-84C259F5E095}"
EndProject
Project("{9A19103F-16F7-4668-BE54-9A1E7A4F7556}") = "DBConnection", "DBConnection\DBConnection.csproj", "{07A761CB-05B4-43BC-80A8-FD6EA22A8C68}"
EndProject
Project("{9A19103F-16F7-4668-BE54-9A1E7A4F7556}") = "ExtensibleMarkupAtLarge", "ExtensibleMarkupAtLarge\ExtensibleMarkupAtLarge.csproj", "{7234F518-4B67-41B3-BA55-2DA01781C94B}"
EndProject
Project("{9A19103F-16F7-4668-BE54-9A1E7A4F7556}") = "LogicObjects", "LogicObjects\LogicObjects.csproj", "{DE998DC3-B74F-4AA6-BE07-CFBC8464CB4C}"
EndProject
Project("{00D1A9C2-B5F0-4AF3-8072-F6C62B433612}") = "MSotaDB", "MSotaDB\MSotaDB.sqlproj", "{6B11DF19-9F6C-4005-A030-F38A122777BD}"
EndProject
Project("{9A19103F-16F7-4668-BE54-9A1E7A4F7556}") = "Z_Formaters", "Z_Formaters\Z_Formaters.csproj", "{0BF20BBD-DEDD-41BA-8B9D-C9894BF654A2}"
EndProject
Global
	GlobalSection(SolutionConfigurationPlatforms) = preSolution
		Debug|Any CPU = Debug|Any CPU
		Release|Any CPU = Release|Any CPU
	EndGlobalSection
	GlobalSection(ProjectConfigurationPlatforms) = postSolution
		{636F95C2-E18F-4953-A7A8-3312924C45FA}.Debug|Any CPU.ActiveCfg = Debug|Any CPU
		{636F95C2-E18F-4953-A7A8-3312924C45FA}.Debug|Any CPU.Build.0 = Debug|Any CPU
		{636F95C2-E18F-4953-A7A8-3312924C45FA}.Release|Any CPU.ActiveCfg = Release|Any CPU
		{636F95C2-E18F-4953-A7A8-3312924C45FA}.Release|Any CPU.Build.0 = Release|Any CPU
		{CF4DB48B-1981-4642-AF8C-AC76A234B3CF}.Debug|Any CPU.ActiveCfg = Debug|Any CPU
		{CF4DB48B-1981-4642-AF8C-AC76A234B3CF}.Debug|Any CPU.Build.0 = Debug|Any CPU
		{CF4DB48B-1981-4642-AF8C-AC76A234B3CF}.Release|Any CPU.ActiveCfg = Release|Any CPU
		{CF4DB48B-1981-4642-AF8C-AC76A234B3CF}.Release|Any CPU.Build.0 = Release|Any CPU
		{CCF360BE-67C1-4431-A030-F10EA604A77F}.Debug|Any CPU.ActiveCfg = Debug|Any CPU
		{CCF360BE-67C1-4431-A030-F10EA604A77F}.Debug|Any CPU.Build.0 = Debug|Any CPU
		{CCF360BE-67C1-4431-A030-F10EA604A77F}.Release|Any CPU.ActiveCfg = Release|Any CPU
		{CCF360BE-67C1-4431-A030-F10EA604A77F}.Release|Any CPU.Build.0 = Release|Any CPU
		{A16CE3B0-DE10-4EE4-A832-84C259F5E095}.Debug|Any CPU.ActiveCfg = Debug|Any CPU
		{A16CE3B0-DE10-4EE4-A832-84C259F5E095}.Debug|Any CPU.Build.0 = Debug|Any CPU
		{A16CE3B0-DE10-4EE4-A832-84C259F5E095}.Release|Any CPU.ActiveCfg = Release|Any CPU
		{A16CE3B0-DE10-4EE4-A832-84C259F5E095}.Release|Any CPU.Build.0 = Release|Any CPU
		{07A761CB-05B4-43BC-80A8-FD6EA22A8C68}.Debug|Any CPU.ActiveCfg = Debug|Any CPU
		{07A761CB-05B4-43BC-80A8-FD6EA22A8C68}.Debug|Any CPU.Build.0 = Debug|Any CPU
		{07A761CB-05B4-43BC-80A8-FD6EA22A8C68}.Release|Any CPU.ActiveCfg = Release|Any CPU
		{07A761CB-05B4-43BC-80A8-FD6EA22A8C68}.Release|Any CPU.Build.0 = Release|Any CPU
		{7234F518-4B67-41B3-BA55-2DA01781C94B}.Debug|Any CPU.ActiveCfg = Debug|Any CPU
		{7234F518-4B67-41B3-BA55-2DA01781C94B}.Debug|Any CPU.Build.0 = Debug|Any CPU
		{7234F518-4B67-41B3-BA55-2DA01781C94B}.Release|Any CPU.ActiveCfg = Release|Any CPU
		{7234F518-4B67-41B3-BA55-2DA01781C94B}.Release|Any CPU.Build.0 = Release|Any CPU
		{DE998DC3-B74F-4AA6-BE07-CFBC8464CB4C}.Debug|Any CPU.ActiveCfg = Debug|Any CPU
		{DE998DC3-B74F-4AA6-BE07-CFBC8464CB4C}.Debug|Any CPU.Build.0 = Debug|Any CPU
		{DE998DC3-B74F-4AA6-BE07-CFBC8464CB4C}.Release|Any CPU.ActiveCfg = Release|Any CPU
		{DE998DC3-B74F-4AA6-BE07-CFBC8464CB4C}.Release|Any CPU.Build.0 = Release|Any CPU
		{6B11DF19-9F6C-4005-A030-F38A122777BD}.Debug|Any CPU.ActiveCfg = Debug|Any CPU
		{6B11DF19-9F6C-4005-A030-F38A122777BD}.Debug|Any CPU.Build.0 = Debug|Any CPU
		{6B11DF19-9F6C-4005-A030-F38A122777BD}.Debug|Any CPU.Deploy.0 = Debug|Any CPU
		{6B11DF19-9F6C-4005-A030-F38A122777BD}.Release|Any CPU.ActiveCfg = Release|Any CPU
		{6B11DF19-9F6C-4005-A030-F38A122777BD}.Release|Any CPU.Build.0 = Release|Any CPU
		{6B11DF19-9F6C-4005-A030-F38A122777BD}.Release|Any CPU.Deploy.0 = Release|Any CPU
		{0BF20BBD-DEDD-41BA-8B9D-C9894BF654A2}.Debug|Any CPU.ActiveCfg = Debug|Any CPU
		{0BF20BBD-DEDD-41BA-8B9D-C9894BF654A2}.Debug|Any CPU.Build.0 = Debug|Any CPU
		{0BF20BBD-DEDD-41BA-8B9D-C9894BF654A2}.Release|Any CPU.ActiveCfg = Release|Any CPU
		{0BF20BBD-DEDD-41BA-8B9D-C9894BF654A2}.Release|Any CPU.Build.0 = Release|Any CPU
	EndGlobalSection
	GlobalSection(SolutionProperties) = preSolution
		HideSolutionNode = FALSE
	EndGlobalSection
	GlobalSection(ExtensibilityGlobals) = postSolution
		SolutionGuid = {212200C3-3F58-4E5A-9B90-511CA3916349}
	EndGlobalSection
EndGlobal
